github.com/akyoto/asm v0.3.7 h1:uukz7X2gsFtYqzQLMu3zmXWupi1tJiihYCcm7YccaiA=
github.com/akyoto/asm v0.3.7/go.mod h1:cCOva58eM6v26RK9qw7CXPQ4XxT0w5IbhBQDjTHPx+g=
github.com/akyoto/assert v0.2.4 h1:n0FwcNH5dMYq3I8Iu7MOR1WWGkkGH8ao84nvCRJmsbs=
github.com/akyoto/assert v0.2.4/go.mod h1:SoqVayyOmM/YSBnwOxJHCt4BCocoIrgeceWtJV701C0=
github.com/akyoto/stringutils v0.3.1 h1:C+VGuXfud9SSo54QRfdQO+rgQiHmLS5f4nJ4yUOM+8I=
github.com/akyoto/stringutils v0.3.1/go.mod h1:I1F9f8FF7gnAQyYp4PVAl+GJ2WBnaN6kNoYjidCV5Qk=
